
Microsoft Visual Studio Solution File, Format Version 12.00
# Visual Studio 15
VisualStudioVersion = 15.0.28010.2036
MinimumVisualStudioVersion = 10.0.40219.1
Project("{FAE04EC0-301F-11D3-BF4B-00C04F79EFBC}") = "pr1", "pr1\pr1.csproj", "{2D242FD1-3704-41CD-9CC1-3F83AD469684}"
EndProject
Global
	GlobalSection(SolutionConfigurationPlatforms) = preSolution
		Debug|Any CPU = Debug|Any CPU
		Release|Any CPU = Release|Any CPU
	EndGlobalSection
	GlobalSection(ProjectConfigurationPlatforms) = postSolution
		{2D242FD1-3704-41CD-9CC1-3F83AD469684}.Debug|Any CPU.ActiveCfg = Debug|Any CPU
		{2D242FD1-3704-41CD-9CC1-3F83AD469684}.Debug|Any CPU.Build.0 = Debug|Any CPU
		{2D242FD1-3704-41CD-9CC1-3F83AD469684}.Release|Any CPU.ActiveCfg = Release|Any CPU
		{2D242FD1-3704-41CD-9CC1-3F83AD469684}.Release|Any CPU.Build.0 = Release|Any CPU
	EndGlobalSection
	GlobalSection(SolutionProperties) = preSolution
		HideSolutionNode = FALSE
	EndGlobalSection
	GlobalSection(ExtensibilityGlobals) = postSolution
		SolutionGuid = {FD7B8B06-D17A-4D12-BFA6-0770A748A2A4}
	EndGlobalSection
EndGlobal
